
Microsoft Visual Studio Solution File, Format Version 12.00
# Visual Studio Version 17
VisualStudioVersion = 17.11.35222.181
MinimumVisualStudioVersion = 10.0.40219.1
Project("{FAE04EC0-301F-11D3-BF4B-00C04F79EFBC}") = "Problema-1.2", "Problema-1.2.csproj", "{BBDCE369-4AF3-476F-A945-430CFE8CF546}"
EndProject
Global
	GlobalSection(SolutionConfigurationPlatforms) = preSolution
		Debug|Any CPU = Debug|Any CPU
		Release|Any CPU = Release|Any CPU
	EndGlobalSection
	GlobalSection(ProjectConfigurationPlatforms) = postSolution
		{BBDCE369-4AF3-476F-A945-430CFE8CF546}.Debug|Any CPU.ActiveCfg = Debug|Any CPU
		{BBDCE369-4AF3-476F-A945-430CFE8CF546}.Debug|Any CPU.Build.0 = Debug|Any CPU
		{BBDCE369-4AF3-476F-A945-430CFE8CF546}.Release|Any CPU.ActiveCfg = Release|Any CPU
		{BBDCE369-4AF3-476F-A945-430CFE8CF546}.Release|Any CPU.Build.0 = Release|Any CPU
	EndGlobalSection
	GlobalSection(SolutionProperties) = preSolution
		HideSolutionNode = FALSE
	EndGlobalSection
	GlobalSection(ExtensibilityGlobals) = postSolution
		SolutionGuid = {F0AB2D59-BBF1-4EBB-B6BB-435974AAE724}
	EndGlobalSection
EndGlobal
